schema: '2.0'
stages:
  model_selection:
    cmd: python3 2_model_selection.py
    deps:
    - path: 2_model_selection.py
      hash: md5
      md5: 7719581191cdfd9198f50246ee698183
      size: 2219
    - path: configs/config.yaml
      hash: md5
      md5: d8f4abc569ac04a448b93cd1d42e62b3
      size: 591
    - path: data/train.csv
      hash: md5
      md5: 34fc48e8d27f05aeb32ccf2f7f91c886
      size: 512503
    - path: data/y_train.csv
      hash: md5
      md5: 1ac18f158d82a6e24b0bd53588d9c44b
      size: 11272
    outs:
    - path: model_selection_results.yaml
      hash: md5
      md5: bbf13950e686422cd9b221e97ac6543d
      size: 259
  preprocess:
    cmd: python 1_preprocessing.py
    deps:
    - path: 1_preprocessing.py
      hash: md5
      md5: dc823c810fbe383985c628e8fe5a7ad6
      size: 1979
    - path: configs/config.yaml
      hash: md5
      md5: d8f4abc569ac04a448b93cd1d42e62b3
      size: 591
    - path: data/data.csv
      hash: md5
      md5: 9b5ab98d67d5ecdc9e84c1faa54581d2
      size: 977373
    outs:
    - path: data/cleaned_data.csv
      hash: md5
      md5: c26824eb54bce755269d70bba615ba7e
      size: 962842
    - path: data/preprocessing_pipeline.pkl
      hash: md5
      md5: 1b2ef51f825f80adc2f49beea6ba595f
      size: 2776
    - path: data/test.csv
      hash: md5
      md5: 59c7d0f2670cf1a5e9f2de2e18d05871
      size: 128447
    - path: data/train.csv
      hash: md5
      md5: 34fc48e8d27f05aeb32ccf2f7f91c886
      size: 512503
    - path: data/y_test.csv
      hash: md5
      md5: f0270f5ed4fa7449598f897bb4eb34c2
      size: 2824
    - path: data/y_train.csv
      hash: md5
      md5: 1ac18f158d82a6e24b0bd53588d9c44b
      size: 11272
