schema: '2.0'
stages:
  model_selection:
    cmd: python3 2_model_selection.py
    deps:
    - path: 2_model_selection.py
      hash: md5
      md5: c7d4d815222a570c5ae6ef01aad8fe09
      size: 3808
    - path: configs/config.yaml
      hash: md5
      md5: 5917f4732605ab8ce2080e2500cff4bc
      size: 615
    - path: data/train.csv
      hash: md5
      md5: 673b3fe8c8b65357deb4a4734fcbb2f4
      size: 512607
    - path: data/y_train.csv
      hash: md5
      md5: c9b61327d9c9b8b3d1a988e0ba0d7f3d
      size: 11274
    outs:
    - path: mlruns/
      hash: md5
      md5: c50deeeb0a877d0661bb5800b6baaac3.dir
      size: 3787
      nfiles: 76
    - path: model_selection_results.yaml
      hash: md5
      md5: 72c6258f85023d8d36c97bc3ebdcb64a
      size: 259
  preprocess:
    cmd: python 1_preprocessing.py
    deps:
    - path: 1_preprocessing.py
      hash: md5
      md5: dc823c810fbe383985c628e8fe5a7ad6
      size: 1979
    - path: configs/config.yaml
      hash: md5
      md5: 5917f4732605ab8ce2080e2500cff4bc
      size: 615
    - path: data/data.csv
      hash: md5
      md5: 62eecb427f309d21bf8437018ace9012
      size: 977499
    outs:
    - path: data/cleaned_data.csv
      hash: md5
      md5: 271d21bb139e99eb31c00e2aee35e70e
      size: 962966
    - path: data/preprocessing_pipeline.pkl
      hash: md5
      md5: 593f38b8e735e4b4c8b30765268b6b1c
      size: 2776
    - path: data/test.csv
      hash: md5
      md5: 31039714dc388ab0068639953546954c
      size: 128489
    - path: data/train.csv
      hash: md5
      md5: 673b3fe8c8b65357deb4a4734fcbb2f4
      size: 512607
    - path: data/y_test.csv
      hash: md5
      md5: f0270f5ed4fa7449598f897bb4eb34c2
      size: 2824
    - path: data/y_train.csv
      hash: md5
      md5: c9b61327d9c9b8b3d1a988e0ba0d7f3d
      size: 11274
  hyperparameter_tuning:
    cmd: python3 3_hyperparameter_tuning.py
    deps:
    - path: 3_hyperparameter_tuning.py
      hash: md5
      md5: 61a31ab582e9cfaa582c705b02461a59
      size: 4204
    - path: configs/config.yaml
      hash: md5
      md5: 5917f4732605ab8ce2080e2500cff4bc
      size: 615
    - path: data/test.csv
      hash: md5
      md5: 31039714dc388ab0068639953546954c
      size: 128489
    - path: data/train.csv
      hash: md5
      md5: 673b3fe8c8b65357deb4a4734fcbb2f4
      size: 512607
    - path: data/y_test.csv
      hash: md5
      md5: f0270f5ed4fa7449598f897bb4eb34c2
      size: 2824
    - path: data/y_train.csv
      hash: md5
      md5: c9b61327d9c9b8b3d1a988e0ba0d7f3d
      size: 11274
    - path: mlruns/
      hash: md5
      md5: 924d17a1a0f834f4d0e97ce99a0f663e.dir
      size: 8498
      nfiles: 133
    - path: model_selection_results.yaml
      hash: md5
      md5: 72c6258f85023d8d36c97bc3ebdcb64a
      size: 259
    outs:
    - path: tuning_results.yaml
      hash: md5
      md5: aead5c9d5a5880692ca79e18bd9f05aa
      size: 158
  train:
    cmd: python3 4_train.py
    deps:
    - path: 4_train.py
      hash: md5
      md5: 6931c1deabbca37fdb093714a1f2e46b
      size: 7764
    - path: configs/config.yaml
      hash: md5
      md5: 5917f4732605ab8ce2080e2500cff4bc
      size: 615
    - path: data/test.csv
      hash: md5
      md5: 31039714dc388ab0068639953546954c
      size: 128489
    - path: data/train.csv
      hash: md5
      md5: 673b3fe8c8b65357deb4a4734fcbb2f4
      size: 512607
    - path: data/y_test.csv
      hash: md5
      md5: f0270f5ed4fa7449598f897bb4eb34c2
      size: 2824
    - path: data/y_train.csv
      hash: md5
      md5: c9b61327d9c9b8b3d1a988e0ba0d7f3d
      size: 11274
    - path: mlruns/
      hash: md5
      md5: fffa76b41e0c6471c1c7a539f8c8e950.dir
      size: 21820
      nfiles: 219
    outs:
    - path: trained_models/final_model.pkl
      hash: md5
      md5: f39ea07a5e42746cedad0714f88904cf
      size: 1240
    - path: trained_models/final_model_results.yaml
      hash: md5
      md5: c3e9c6198761a180f3632b30c22c8dfb
      size: 855
